// !$*UTF8*$!
{
	archiveVersion = 1;
	classes = {
	};
	objectVersion = 56;
	objects = {

/* Begin PBXBuildFile section */
		F12A74C82B7674B200EAC213 /* PlacesModel.swift in Sources */ = {isa = PBXBuildFile; fileRef = F12A74C72B7674B200EAC213 /* PlacesModel.swift */; };
		F12A74CB2B767EA500EAC213 /* LandmarkListView.swift in Sources */ = {isa = PBXBuildFile; fileRef = F12A74CA2B767EA500EAC213 /* LandmarkListView.swift */; };
		F1A7D66B2B7668C600790061 /* MKCoordinateRegionExtension.swift in Sources */ = {isa = PBXBuildFile; fileRef = F1A7D66A2B7668C600790061 /* MKCoordinateRegionExtension.swift */; };
		F1AADCB02B715FA300053D3E /* NearMeApp.swift in Sources */ = {isa = PBXBuildFile; fileRef = F1AADCAF2B715FA300053D3E /* NearMeApp.swift */; };
		F1AADCB22B715FA300053D3E /* ContentView.swift in Sources */ = {isa = PBXBuildFile; fileRef = F1AADCB12B715FA300053D3E /* ContentView.swift */; };
		F1AADCB42B715FA500053D3E /* Assets.xcassets in Resources */ = {isa = PBXBuildFile; fileRef = F1AADCB32B715FA500053D3E /* Assets.xcassets */; };
		F1AADCB72B715FA500053D3E /* Preview Assets.xcassets in Resources */ = {isa = PBXBuildFile; fileRef = F1AADCB62B715FA500053D3E /* Preview Assets.xcassets */; };
		F1AADCC12B715FA600053D3E /* NearMeTests.swift in Sources */ = {isa = PBXBuildFile; fileRef = F1AADCC02B715FA600053D3E /* NearMeTests.swift */; };
		F1AADCCB2B715FA600053D3E /* NearMeUITests.swift in Sources */ = {isa = PBXBuildFile; fileRef = F1AADCCA2B715FA600053D3E /* NearMeUITests.swift */; };
		F1AADCCD2B715FA600053D3E /* NearMeUITestsLaunchTests.swift in Sources */ = {isa = PBXBuildFile; fileRef = F1AADCCC2B715FA600053D3E /* NearMeUITestsLaunchTests.swift */; };
		F1D26EA42B76714A00589849 /* LocationManager.swift in Sources */ = {isa = PBXBuildFile; fileRef = F1D26EA32B76714A00589849 /* LocationManager.swift */; };
/* End PBXBuildFile section */

/* Begin PBXContainerItemProxy section */
		F1AADCBD2B715FA600053D3E /* PBXContainerItemProxy */ = {
			isa = PBXContainerItemProxy;
			containerPortal = F1AADCA42B715FA300053D3E /* Project object */;
			proxyType = 1;
			remoteGlobalIDString = F1AADCAB2B715FA300053D3E;
			remoteInfo = NearMe;
		};
		F1AADCC72B715FA600053D3E /* PBXContainerItemProxy */ = {
			isa = PBXContainerItemProxy;
			containerPortal = F1AADCA42B715FA300053D3E /* Project object */;
			proxyType = 1;
			remoteGlobalIDString = F1AADCAB2B715FA300053D3E;
			remoteInfo = NearMe;
		};
/* End PBXContainerItemProxy section */

/* Begin PBXFileReference section */
		F12A74C72B7674B200EAC213 /* PlacesModel.swift */ = {isa = PBXFileReference; lastKnownFileType = sourcecode.swift; path = PlacesModel.swift; sourceTree = "<group>"; };
		F12A74CA2B767EA500EAC213 /* LandmarkListView.swift */ = {isa = PBXFileReference; lastKnownFileType = sourcecode.swift; path = LandmarkListView.swift; sourceTree = "<group>"; };
		F1A7D66A2B7668C600790061 /* MKCoordinateRegionExtension.swift */ = {isa = PBXFileReference; lastKnownFileType = sourcecode.swift; path = MKCoordinateRegionExtension.swift; sourceTree = "<group>"; };
		F1AADCAC2B715FA300053D3E /* NearMe.app */ = {isa = PBXFileReference; explicitFileType = wrapper.application; includeInIndex = 0; path = NearMe.app; sourceTree = BUILT_PRODUCTS_DIR; };
		F1AADCAF2B715FA300053D3E /* NearMeApp.swift */ = {isa = PBXFileReference; lastKnownFileType = sourcecode.swift; path = NearMeApp.swift; sourceTree = "<group>"; };
		F1AADCB12B715FA300053D3E /* ContentView.swift */ = {isa = PBXFileReference; lastKnownFileType = sourcecode.swift; path = ContentView.swift; sourceTree = "<group>"; };
		F1AADCB32B715FA500053D3E /* Assets.xcassets */ = {isa = PBXFileReference; lastKnownFileType = folder.assetcatalog; path = Assets.xcassets; sourceTree = "<group>"; };
		F1AADCB62B715FA500053D3E /* Preview Assets.xcassets */ = {isa = PBXFileReference; lastKnownFileType = folder.assetcatalog; path = "Preview Assets.xcassets"; sourceTree = "<group>"; };
		F1AADCBC2B715FA600053D3E /* NearMeTests.xctest */ = {isa = PBXFileReference; explicitFileType = wrapper.cfbundle; includeInIndex = 0; path = NearMeTests.xctest; sourceTree = BUILT_PRODUCTS_DIR; };
		F1AADCC02B715FA600053D3E /* NearMeTests.swift */ = {isa = PBXFileReference; lastKnownFileType = sourcecode.swift; path = NearMeTests.swift; sourceTree = "<group>"; };
		F1AADCC62B715FA600053D3E /* NearMeUITests.xctest */ = {isa = PBXFileReference; explicitFileType = wrapper.cfbundle; includeInIndex = 0; path = NearMeUITests.xctest; sourceTree = BUILT_PRODUCTS_DIR; };
		F1AADCCA2B715FA600053D3E /* NearMeUITests.swift */ = {isa = PBXFileReference; lastKnownFileType = sourcecode.swift; path = NearMeUITests.swift; sourceTree = "<group>"; };
		F1AADCCC2B715FA600053D3E /* NearMeUITestsLaunchTests.swift */ = {isa = PBXFileReference; lastKnownFileType = sourcecode.swift; path = NearMeUITestsLaunchTests.swift; sourceTree = "<group>"; };
		F1D26EA32B76714A00589849 /* LocationManager.swift */ = {isa = PBXFileReference; lastKnownFileType = sourcecode.swift; path = LocationManager.swift; sourceTree = "<group>"; };
/* End PBXFileReference section */

/* Begin PBXFrameworksBuildPhase section */
		F1AADCA92B715FA300053D3E /* Frameworks */ = {
			isa = PBXFrameworksBuildPhase;
			buildActionMask = 2147483647;
			files = (
			);
			runOnlyForDeploymentPostprocessing = 0;
		};
		F1AADCB92B715FA600053D3E /* Frameworks */ = {
			isa = PBXFrameworksBuildPhase;
			buildActionMask = 2147483647;
			files = (
			);
			runOnlyForDeploymentPostprocessing = 0;
		};
		F1AADCC32B715FA600053D3E /* Frameworks */ = {
			isa = PBXFrameworksBuildPhase;
			buildActionMask = 2147483647;
			files = (
			);
			runOnlyForDeploymentPostprocessing = 0;
		};
/* End PBXFrameworksBuildPhase section */

/* Begin PBXGroup section */
		F12A74C92B767E9700EAC213 /* Views */ = {
			isa = PBXGroup;
			children = (
				F12A74CA2B767EA500EAC213 /* LandmarkListView.swift */,
			);
			path = Views;
			sourceTree = "<group>";
		};
		F1A7D6692B7668B000790061 /* Extensions */ = {
			isa = PBXGroup;
			children = (
				F1A7D66A2B7668C600790061 /* MKCoordinateRegionExtension.swift */,
			);
			path = Extensions;
			sourceTree = "<group>";
		};
		F1AADCA32B715FA300053D3E = {
			isa = PBXGroup;
			children = (
				F1AADCAE2B715FA300053D3E /* NearMe */,
				F1AADCBF2B715FA600053D3E /* NearMeTests */,
				F1AADCC92B715FA600053D3E /* NearMeUITests */,
				F1AADCAD2B715FA300053D3E /* Products */,
			);
			sourceTree = "<group>";
		};
		F1AADCAD2B715FA300053D3E /* Products */ = {
			isa = PBXGroup;
			children = (
				F1AADCAC2B715FA300053D3E /* NearMe.app */,
				F1AADCBC2B715FA600053D3E /* NearMeTests.xctest */,
				F1AADCC62B715FA600053D3E /* NearMeUITests.xctest */,
			);
			name = Products;
			sourceTree = "<group>";
		};
		F1AADCAE2B715FA300053D3E /* NearMe */ = {
			isa = PBXGroup;
			children = (
				F12A74C92B767E9700EAC213 /* Views */,
				F1D26EA22B76713700589849 /* Managers */,
				F1A7D6692B7668B000790061 /* Extensions */,
				F1AADCAF2B715FA300053D3E /* NearMeApp.swift */,
				F1AADCB12B715FA300053D3E /* ContentView.swift */,
				F12A74C72B7674B200EAC213 /* PlacesModel.swift */,
				F1AADCB32B715FA500053D3E /* Assets.xcassets */,
				F1AADCB52B715FA500053D3E /* Preview Content */,
			);
			path = NearMe;
			sourceTree = "<group>";
		};
		F1AADCB52B715FA500053D3E /* Preview Content */ = {
			isa = PBXGroup;
			children = (
				F1AADCB62B715FA500053D3E /* Preview Assets.xcassets */,
			);
			path = "Preview Content";
			sourceTree = "<group>";
		};
		F1AADCBF2B715FA600053D3E /* NearMeTests */ = {
			isa = PBXGroup;
			children = (
				F1AADCC02B715FA600053D3E /* NearMeTests.swift */,
			);
			path = NearMeTests;
			sourceTree = "<group>";
		};
		F1AADCC92B715FA600053D3E /* NearMeUITests */ = {
			isa = PBXGroup;
			children = (
				F1AADCCA2B715FA600053D3E /* NearMeUITests.swift */,
				F1AADCCC2B715FA600053D3E /* NearMeUITestsLaunchTests.swift */,
			);
			path = NearMeUITests;
			sourceTree = "<group>";
		};
		F1D26EA22B76713700589849 /* Managers */ = {
			isa = PBXGroup;
			children = (
				F1D26EA32B76714A00589849 /* LocationManager.swift */,
			);
			path = Managers;
			sourceTree = "<group>";
		};
/* End PBXGroup section */

/* Begin PBXNativeTarget section */
		F1AADCAB2B715FA300053D3E /* NearMe */ = {
			isa = PBXNativeTarget;
			buildConfigurationList = F1AADCD02B715FA600053D3E /* Build configuration list for PBXNativeTarget "NearMe" */;
			buildPhases = (
				F1AADCA82B715FA300053D3E /* Sources */,
				F1AADCA92B715FA300053D3E /* Frameworks */,
				F1AADCAA2B715FA300053D3E /* Resources */,
			);
			buildRules = (
			);
			dependencies = (
			);
			name = NearMe;
			productName = NearMe;
			productReference = F1AADCAC2B715FA300053D3E /* NearMe.app */;
			productType = "com.apple.product-type.application";
		};
		F1AADCBB2B715FA600053D3E /* NearMeTests */ = {
			isa = PBXNativeTarget;
			buildConfigurationList = F1AADCD32B715FA600053D3E /* Build configuration list for PBXNativeTarget "NearMeTests" */;
			buildPhases = (
				F1AADCB82B715FA600053D3E /* Sources */,
				F1AADCB92B715FA600053D3E /* Frameworks */,
				F1AADCBA2B715FA600053D3E /* Resources */,
			);
			buildRules = (
			);
			dependencies = (
				F1AADCBE2B715FA600053D3E /* PBXTargetDependency */,
			);
			name = NearMeTests;
			productName = NearMeTests;
			productReference = F1AADCBC2B715FA600053D3E /* NearMeTests.xctest */;
			productType = "com.apple.product-type.bundle.unit-test";
		};
		F1AADCC52B715FA600053D3E /* NearMeUITests */ = {
			isa = PBXNativeTarget;
			buildConfigurationList = F1AADCD62B715FA600053D3E /* Build configuration list for PBXNativeTarget "NearMeUITests" */;
			buildPhases = (
				F1AADCC22B715FA600053D3E /* Sources */,
				F1AADCC32B715FA600053D3E /* Frameworks */,
				F1AADCC42B715FA600053D3E /* Resources */,
			);
			buildRules = (
			);
			dependencies = (
				F1AADCC82B715FA600053D3E /* PBXTargetDependency */,
			);
			name = NearMeUITests;
			productName = NearMeUITests;
			productReference = F1AADCC62B715FA600053D3E /* NearMeUITests.xctest */;
			productType = "com.apple.product-type.bundle.ui-testing";
		};
/* End PBXNativeTarget section */

/* Begin PBXProject section */
		F1AADCA42B715FA300053D3E /* Project object */ = {
			isa = PBXProject;
			attributes = {
				BuildIndependentTargetsInParallel = 1;
				LastSwiftUpdateCheck = 1520;
				LastUpgradeCheck = 1520;
				TargetAttributes = {
					F1AADCAB2B715FA300053D3E = {
						CreatedOnToolsVersion = 15.2;
					};
					F1AADCBB2B715FA600053D3E = {
						CreatedOnToolsVersion = 15.2;
						TestTargetID = F1AADCAB2B715FA300053D3E;
					};
					F1AADCC52B715FA600053D3E = {
						CreatedOnToolsVersion = 15.2;
						TestTargetID = F1AADCAB2B715FA300053D3E;
					};
				};
			};
			buildConfigurationList = F1AADCA72B715FA300053D3E /* Build configuration list for PBXProject "NearMe" */;
			compatibilityVersion = "Xcode 14.0";
			developmentRegion = en;
			hasScannedForEncodings = 0;
			knownRegions = (
				en,
				Base,
			);
			mainGroup = F1AADCA32B715FA300053D3E;
			productRefGroup = F1AADCAD2B715FA300053D3E /* Products */;
			projectDirPath = "";
			projectRoot = "";
			targets = (
				F1AADCAB2B715FA300053D3E /* NearMe */,
				F1AADCBB2B715FA600053D3E /* NearMeTests */,
				F1AADCC52B715FA600053D3E /* NearMeUITests */,
			);
		};
/* End PBXProject section */

/* Begin PBXResourcesBuildPhase section */
		F1AADCAA2B715FA300053D3E /* Resources */ = {
			isa = PBXResourcesBuildPhase;
			buildActionMask = 2147483647;
			files = (
				F1AADCB72B715FA500053D3E /* Preview Assets.xcassets in Resources */,
				F1AADCB42B715FA500053D3E /* Assets.xcassets in Resources */,
			);
			runOnlyForDeploymentPostprocessing = 0;
		};
		F1AADCBA2B715FA600053D3E /* Resources */ = {
			isa = PBXResourcesBuildPhase;
			buildActionMask = 2147483647;
			files = (
			);
			runOnlyForDeploymentPostprocessing = 0;
		};
		F1AADCC42B715FA600053D3E /* Resources */ = {
			isa = PBXResourcesBuildPhase;
			buildActionMask = 2147483647;
			files = (
			);
			runOnlyForDeploymentPostprocessing = 0;
		};
/* End PBXResourcesBuildPhase section */

/* Begin PBXSourcesBuildPhase section */
		F1AADCA82B715FA300053D3E /* Sources */ = {
			isa = PBXSourcesBuildPhase;
			buildActionMask = 2147483647;
			files = (
				F1D26EA42B76714A00589849 /* LocationManager.swift in Sources */,
				F1AADCB22B715FA300053D3E /* ContentView.swift in Sources */,
				F1A7D66B2B7668C600790061 /* MKCoordinateRegionExtension.swift in Sources */,
				F1AADCB02B715FA300053D3E /* NearMeApp.swift in Sources */,
				F12A74CB2B767EA500EAC213 /* LandmarkListView.swift in Sources */,
				F12A74C82B7674B200EAC213 /* PlacesModel.swift in Sources */,
			);
			runOnlyForDeploymentPostprocessing = 0;
		};
		F1AADCB82B715FA600053D3E /* Sources */ = {
			isa = PBXSourcesBuildPhase;
			buildActionMask = 2147483647;
			files = (
				F1AADCC12B715FA600053D3E /* NearMeTests.swift in Sources */,
			);
			runOnlyForDeploymentPostprocessing = 0;
		};
		F1AADCC22B715FA600053D3E /* Sources */ = {
			isa = PBXSourcesBuildPhase;
			buildActionMask = 2147483647;
			files = (
				F1AADCCD2B715FA600053D3E /* NearMeUITestsLaunchTests.swift in Sources */,
				F1AADCCB2B715FA600053D3E /* NearMeUITests.swift in Sources */,
			);
			runOnlyForDeploymentPostprocessing = 0;
		};
/* End PBXSourcesBuildPhase section */

/* Begin PBXTargetDependency section */
		F1AADCBE2B715FA600053D3E /* PBXTargetDependency */ = {
			isa = PBXTargetDependency;
			target = F1AADCAB2B715FA300053D3E /* NearMe */;
			targetProxy = F1AADCBD2B715FA600053D3E /* PBXContainerItemProxy */;
		};
		F1AADCC82B715FA600053D3E /* PBXTargetDependency */ = {
			isa = PBXTargetDependency;
			target = F1AADCAB2B715FA300053D3E /* NearMe */;
			targetProxy = F1AADCC72B715FA600053D3E /* PBXContainerItemProxy */;
		};
/* End PBXTargetDependency section */

/* Begin XCBuildConfiguration section */
		F1AADCCE2B715FA600053D3E /* Debug */ = {
			isa = XCBuildConfiguration;
			buildSettings = {
				ALWAYS_SEARCH_USER_PATHS = NO;
				ASSETCATALOG_COMPILER_GENERATE_SWIFT_ASSET_SYMBOL_EXTENSIONS = YES;
				CLANG_ANALYZER_NONNULL = YES;
				CLANG_ANALYZER_NUMBER_OBJECT_CONVERSION = YES_AGGRESSIVE;
				CLANG_CXX_LANGUAGE_STANDARD = "gnu++20";
				CLANG_ENABLE_MODULES = YES;
				CLANG_ENABLE_OBJC_ARC = YES;
				CLANG_ENABLE_OBJC_WEAK = YES;
				CLANG_WARN_BLOCK_CAPTURE_AUTORELEASING = YES;
				CLANG_WARN_BOOL_CONVERSION = YES;
				CLANG_WARN_COMMA = YES;
				CLANG_WARN_CONSTANT_CONVERSION = YES;
				CLANG_WARN_DEPRECATED_OBJC_IMPLEMENTATIONS = YES;
				CLANG_WARN_DIRECT_OBJC_ISA_USAGE = YES_ERROR;
				CLANG_WARN_DOCUMENTATION_COMMENTS = YES;
				CLANG_WARN_EMPTY_BODY = YES;
				CLANG_WARN_ENUM_CONVERSION = YES;
				CLANG_WARN_INFINITE_RECURSION = YES;
				CLANG_WARN_INT_CONVERSION = YES;
				CLANG_WARN_NON_LITERAL_NULL_CONVERSION = YES;
				CLANG_WARN_OBJC_IMPLICIT_RETAIN_SELF = YES;
				CLANG_WARN_OBJC_LITERAL_CONVERSION = YES;
				CLANG_WARN_OBJC_ROOT_CLASS = YES_ERROR;
				CLANG_WARN_QUOTED_INCLUDE_IN_FRAMEWORK_HEADER = YES;
				CLANG_WARN_RANGE_LOOP_ANALYSIS = YES;
				CLANG_WARN_STRICT_PROTOTYPES = YES;
				CLANG_WARN_SUSPICIOUS_MOVE = YES;
				CLANG_WARN_UNGUARDED_AVAILABILITY = YES_AGGRESSIVE;
				CLANG_WARN_UNREACHABLE_CODE = YES;
				CLANG_WARN__DUPLICATE_METHOD_MATCH = YES;
				COPY_PHASE_STRIP = NO;
				DEBUG_INFORMATION_FORMAT = dwarf;
				ENABLE_STRICT_OBJC_MSGSEND = YES;
				ENABLE_TESTABILITY = YES;
				ENABLE_USER_SCRIPT_SANDBOXING = YES;
				GCC_C_LANGUAGE_STANDARD = gnu17;
				GCC_DYNAMIC_NO_PIC = NO;
				GCC_NO_COMMON_BLOCKS = YES;
				GCC_OPTIMIZATION_LEVEL = 0;
				GCC_PREPROCESSOR_DEFINITIONS = (
					"DEBUG=1",
					"$(inherited)",
				);
				GCC_WARN_64_TO_32_BIT_CONVERSION = YES;
				GCC_WARN_ABOUT_RETURN_TYPE = YES_ERROR;
				GCC_WARN_UNDECLARED_SELECTOR = YES;
				GCC_WARN_UNINITIALIZED_AUTOS = YES_AGGRESSIVE;
				GCC_WARN_UNUSED_FUNCTION = YES;
				GCC_WARN_UNUSED_VARIABLE = YES;
				IPHONEOS_DEPLOYMENT_TARGET = 17.2;
				LOCALIZATION_PREFERS_STRING_CATALOGS = YES;
				MTL_ENABLE_DEBUG_INFO = INCLUDE_SOURCE;
				MTL_FAST_MATH = YES;
				ONLY_ACTIVE_ARCH = YES;
				SDKROOT = iphoneos;
				SWIFT_ACTIVE_COMPILATION_CONDITIONS = "DEBUG $(inherited)";
				SWIFT_OPTIMIZATION_LEVEL = "-Onone";
			};
			name = Debug;
		};
		F1AADCCF2B715FA600053D3E /* Release */ = {
			isa = XCBuildConfiguration;
			buildSettings = {
				ALWAYS_SEARCH_USER_PATHS = NO;
				ASSETCATALOG_COMPILER_GENERATE_SWIFT_ASSET_SYMBOL_EXTENSIONS = YES;
				CLANG_ANALYZER_NONNULL = YES;
				CLANG_ANALYZER_NUMBER_OBJECT_CONVERSION = YES_AGGRESSIVE;
				CLANG_CXX_LANGUAGE_STANDARD = "gnu++20";
				CLANG_ENABLE_MODULES = YES;
				CLANG_ENABLE_OBJC_ARC = YES;
				CLANG_ENABLE_OBJC_WEAK = YES;
				CLANG_WARN_BLOCK_CAPTURE_AUTORELEASING = YES;
				CLANG_WARN_BOOL_CONVERSION = YES;
				CLANG_WARN_COMMA = YES;
				CLANG_WARN_CONSTANT_CONVERSION = YES;
				CLANG_WARN_DEPRECATED_OBJC_IMPLEMENTATIONS = YES;
				CLANG_WARN_DIRECT_OBJC_ISA_USAGE = YES_ERROR;
				CLANG_WARN_DOCUMENTATION_COMMENTS = YES;
				CLANG_WARN_EMPTY_BODY = YES;
				CLANG_WARN_ENUM_CONVERSION = YES;
				CLANG_WARN_INFINITE_RECURSION = YES;
				CLANG_WARN_INT_CONVERSION = YES;
				CLANG_WARN_NON_LITERAL_NULL_CONVERSION = YES;
				CLANG_WARN_OBJC_IMPLICIT_RETAIN_SELF = YES;
				CLANG_WARN_OBJC_LITERAL_CONVERSION = YES;
				CLANG_WARN_OBJC_ROOT_CLASS = YES_ERROR;
				CLANG_WARN_QUOTED_INCLUDE_IN_FRAMEWORK_HEADER = YES;
				CLANG_WARN_RANGE_LOOP_ANALYSIS = YES;
				CLANG_WARN_STRICT_PROTOTYPES = YES;
				CLANG_WARN_SUSPICIOUS_MOVE = YES;
				CLANG_WARN_UNGUARDED_AVAILABILITY = YES_AGGRESSIVE;
				CLANG_WARN_UNREACHABLE_CODE = YES;
				CLANG_WARN__DUPLICATE_METHOD_MATCH = YES;
				COPY_PHASE_STRIP = NO;
				DEBUG_INFORMATION_FORMAT = "dwarf-with-dsym";
				ENABLE_NS_ASSERTIONS = NO;
				ENABLE_STRICT_OBJC_MSGSEND = YES;
				ENABLE_USER_SCRIPT_SANDBOXING = YES;
				GCC_C_LANGUAGE_STANDARD = gnu17;
				GCC_NO_COMMON_BLOCKS = YES;
				GCC_WARN_64_TO_32_BIT_CONVERSION = YES;
				GCC_WARN_ABOUT_RETURN_TYPE = YES_ERROR;
				GCC_WARN_UNDECLARED_SELECTOR = YES;
				GCC_WARN_UNINITIALIZED_AUTOS = YES_AGGRESSIVE;
				GCC_WARN_UNUSED_FUNCTION = YES;
				GCC_WARN_UNUSED_VARIABLE = YES;
				IPHONEOS_DEPLOYMENT_TARGET = 17.2;
				LOCALIZATION_PREFERS_STRING_CATALOGS = YES;
				MTL_ENABLE_DEBUG_INFO = NO;
				MTL_FAST_MATH = YES;
				SDKROOT = iphoneos;
				SWIFT_COMPILATION_MODE = wholemodule;
				VALIDATE_PRODUCT = YES;
			};
			name = Release;
		};
		F1AADCD12B715FA600053D3E /* Debug */ = {
			isa = XCBuildConfiguration;
			buildSettings = {
				ASSETCATALOG_COMPILER_APPICON_NAME = AppIcon;
				ASSETCATALOG_COMPILER_GLOBAL_ACCENT_COLOR_NAME = AccentColor;
				CODE_SIGN_STYLE = Automatic;
				CURRENT_PROJECT_VERSION = 1;
				DEVELOPMENT_ASSET_PATHS = "\"NearMe/Preview Content\"";
				DEVELOPMENT_TEAM = WP84YCCZ8G;
				ENABLE_PREVIEWS = YES;
				GENERATE_INFOPLIST_FILE = YES;
				INFOPLIST_KEY_NSLocationWhenInUseUsageDescription = "This app uses your location to provide information on nearby places.";
				INFOPLIST_KEY_UIApplicationSceneManifest_Generation = YES;
				INFOPLIST_KEY_UIApplicationSupportsIndirectInputEvents = YES;
				INFOPLIST_KEY_UILaunchScreen_Generation = YES;
				INFOPLIST_KEY_UISupportedInterfaceOrientations_iPad = "UIInterfaceOrientationPortrait UIInterfaceOrientationPortraitUpsideDown UIInterfaceOrientationLandscapeLeft UIInterfaceOrientationLandscapeRight";
				INFOPLIST_KEY_UISupportedInterfaceOrientations_iPhone = "UIInterfaceOrientationPortrait UIInterfaceOrientationLandscapeLeft UIInterfaceOrientationLandscapeRight";
				IPHONEOS_DEPLOYMENT_TARGET = 15.0;
				LD_RUNPATH_SEARCH_PATHS = (
					"$(inherited)",
					"@executable_path/Frameworks",
				);
				MARKETING_VERSION = 1.0;
				PRODUCT_BUNDLE_IDENTIFIER = com.danielmori.NearMe;
				PRODUCT_NAME = "$(TARGET_NAME)";
				SWIFT_EMIT_LOC_STRINGS = YES;
				SWIFT_VERSION = 5.0;
				TARGETED_DEVICE_FAMILY = "1,2";
			};
			name = Debug;
		};
		F1AADCD22B715FA600053D3E /* Release */ = {
			isa = XCBuildConfiguration;
			buildSettings = {
				ASSETCATALOG_COMPILER_APPICON_NAME = AppIcon;
				ASSETCATALOG_COMPILER_GLOBAL_ACCENT_COLOR_NAME = AccentColor;
				CODE_SIGN_STYLE = Automatic;
				CURRENT_PROJECT_VERSION = 1;
				DEVELOPMENT_ASSET_PATHS = "\"NearMe/Preview Content\"";
				DEVELOPMENT_TEAM = WP84YCCZ8G;
				ENABLE_PREVIEWS = YES;
				GENERATE_INFOPLIST_FILE = YES;
				INFOPLIST_KEY_NSLocationWhenInUseUsageDescription = "This app uses your location to provide information on nearby places.";
				INFOPLIST_KEY_UIApplicationSceneManifest_Generation = YES;
				INFOPLIST_KEY_UIApplicationSupportsIndirectInputEvents = YES;
				INFOPLIST_KEY_UILaunchScreen_Generation = YES;
				INFOPLIST_KEY_UISupportedInterfaceOrientations_iPad = "UIInterfaceOrientationPortrait UIInterfaceOrientationPortraitUpsideDown UIInterfaceOrientationLandscapeLeft UIInterfaceOrientationLandscapeRight";
				INFOPLIST_KEY_UISupportedInterfaceOrientations_iPhone = "UIInterfaceOrientationPortrait UIInterfaceOrientationLandscapeLeft UIInterfaceOrientationLandscapeRight";
				IPHONEOS_DEPLOYMENT_TARGET = 15.0;
				LD_RUNPATH_SEARCH_PATHS = (
					"$(inherited)",
					"@executable_path/Frameworks",
				);
				MARKETING_VERSION = 1.0;
				PRODUCT_BUNDLE_IDENTIFIER = com.danielmori.NearMe;
				PRODUCT_NAME = "$(TARGET_NAME)";
				SWIFT_EMIT_LOC_STRINGS = YES;
				SWIFT_VERSION = 5.0;
				TARGETED_DEVICE_FAMILY = "1,2";
			};
			name = Release;
		};
		F1AADCD42B715FA600053D3E /* Debug */ = {
			isa = XCBuildConfiguration;
			buildSettings = {
				ALWAYS_EMBED_SWIFT_STANDARD_LIBRARIES = YES;
				BUNDLE_LOADER = "$(TEST_HOST)";
				CODE_SIGN_STYLE = Automatic;
				CURRENT_PROJECT_VERSION = 1;
				DEVELOPMENT_TEAM = WP84YCCZ8G;
				GENERATE_INFOPLIST_FILE = YES;
				IPHONEOS_DEPLOYMENT_TARGET = 17.2;
				MARKETING_VERSION = 1.0;
				PRODUCT_BUNDLE_IDENTIFIER = com.danielmori.NearMeTests;
				PRODUCT_NAME = "$(TARGET_NAME)";
				SWIFT_EMIT_LOC_STRINGS = NO;
				SWIFT_VERSION = 5.0;
				TARGETED_DEVICE_FAMILY = "1,2";
				TEST_HOST = "$(BUILT_PRODUCTS_DIR)/NearMe.app/$(BUNDLE_EXECUTABLE_FOLDER_PATH)/NearMe";
			};
			name = Debug;
		};
		F1AADCD52B715FA600053D3E /* Release */ = {
			isa = XCBuildConfiguration;
			buildSettings = {
				ALWAYS_EMBED_SWIFT_STANDARD_LIBRARIES = YES;
				BUNDLE_LOADER = "$(TEST_HOST)";
				CODE_SIGN_STYLE = Automatic;
				CURRENT_PROJECT_VERSION = 1;
				DEVELOPMENT_TEAM = WP84YCCZ8G;
				GENERATE_INFOPLIST_FILE = YES;
				IPHONEOS_DEPLOYMENT_TARGET = 17.2;
				MARKETING_VERSION = 1.0;
				PRODUCT_BUNDLE_IDENTIFIER = com.danielmori.NearMeTests;
				PRODUCT_NAME = "$(TARGET_NAME)";
				SWIFT_EMIT_LOC_STRINGS = NO;
				SWIFT_VERSION = 5.0;
				TARGETED_DEVICE_FAMILY = "1,2";
				TEST_HOST = "$(BUILT_PRODUCTS_DIR)/NearMe.app/$(BUNDLE_EXECUTABLE_FOLDER_PATH)/NearMe";
			};
			name = Release;
		};
		F1AADCD72B715FA600053D3E /* Debug */ = {
			isa = XCBuildConfiguration;
			buildSettings = {
				ALWAYS_EMBED_SWIFT_STANDARD_LIBRARIES = YES;
				CODE_SIGN_STYLE = Automatic;
				CURRENT_PROJECT_VERSION = 1;
				DEVELOPMENT_TEAM = WP84YCCZ8G;
				GENERATE_INFOPLIST_FILE = YES;
				MARKETING_VERSION = 1.0;
				PRODUCT_BUNDLE_IDENTIFIER = com.danielmori.NearMeUITests;
				PRODUCT_NAME = "$(TARGET_NAME)";
				SWIFT_EMIT_LOC_STRINGS = NO;
				SWIFT_VERSION = 5.0;
				TARGETED_DEVICE_FAMILY = "1,2";
				TEST_TARGET_NAME = NearMe;
			};
			name = Debug;
		};
		F1AADCD82B715FA600053D3E /* Release */ = {
			isa = XCBuildConfiguration;
			buildSettings = {
				ALWAYS_EMBED_SWIFT_STANDARD_LIBRARIES = YES;
				CODE_SIGN_STYLE = Automatic;
				CURRENT_PROJECT_VERSION = 1;
				DEVELOPMENT_TEAM = WP84YCCZ8G;
				GENERATE_INFOPLIST_FILE = YES;
				MARKETING_VERSION = 1.0;
				PRODUCT_BUNDLE_IDENTIFIER = com.danielmori.NearMeUITests;
				PRODUCT_NAME = "$(TARGET_NAME)";
				SWIFT_EMIT_LOC_STRINGS = NO;
				SWIFT_VERSION = 5.0;
				TARGETED_DEVICE_FAMILY = "1,2";
				TEST_TARGET_NAME = NearMe;
			};
			name = Release;
		};
/* End XCBuildConfiguration section */

/* Begin XCConfigurationList section */
		F1AADCA72B715FA300053D3E /* Build configuration list for PBXProject "NearMe" */ = {
			isa = XCConfigurationList;
			buildConfigurations = (
				F1AADCCE2B715FA600053D3E /* Debug */,
				F1AADCCF2B715FA600053D3E /* Release */,
			);
			defaultConfigurationIsVisible = 0;
			defaultConfigurationName = Release;
		};
		F1AADCD02B715FA600053D3E /* Build configuration list for PBXNativeTarget "NearMe" */ = {
			isa = XCConfigurationList;
			buildConfigurations = (
				F1AADCD12B715FA600053D3E /* Debug */,
				F1AADCD22B715FA600053D3E /* Release */,
			);
			defaultConfigurationIsVisible = 0;
			defaultConfigurationName = Release;
		};
		F1AADCD32B715FA600053D3E /* Build configuration list for PBXNativeTarget "NearMeTests" */ = {
			isa = XCConfigurationList;
			buildConfigurations = (
				F1AADCD42B715FA600053D3E /* Debug */,
				F1AADCD52B715FA600053D3E /* Release */,
			);
			defaultConfigurationIsVisible = 0;
			defaultConfigurationName = Release;
		};
		F1AADCD62B715FA600053D3E /* Build configuration list for PBXNativeTarget "NearMeUITests" */ = {
			isa = XCConfigurationList;
			buildConfigurations = (
				F1AADCD72B715FA600053D3E /* Debug */,
				F1AADCD82B715FA600053D3E /* Release */,
			);
			defaultConfigurationIsVisible = 0;
			defaultConfigurationName = Release;
		};
/* End XCConfigurationList section */
	};
	rootObject = F1AADCA42B715FA300053D3E /* Project object */;
}
